
Microsoft Visual Studio Solution File, Format Version 12.00
# Visual Studio Version 16
VisualStudioVersion = 16.0.28803.352
MinimumVisualStudioVersion = 10.0.40219.1
Project("{FAE04EC0-301F-11D3-BF4B-00C04F79EFBC}") = "UnitTest", "UnitTest\UnitTest.csproj", "{6179FBCA-3F99-4AA8-9998-DFC53F476C5D}"
	ProjectSection(ProjectDependencies) = postProject
		{F091221E-FD10-41A7-AAC4-C935DEADBEEF} = {F091221E-FD10-41A7-AAC4-C935DEADBEEF}
	EndProjectSection
EndProject
Project("{FAE04EC0-301F-11D3-BF4B-00C04F79EFBC}") = "TestWpf", "TestWpf\TestWpf.csproj", "{17561817-2B93-4938-80B0-C37C83737EA6}"
EndProject
Project("{D954291E-2A0B-460D-934E-DC6B0785DB48}") = "ScrollController", "scrollController\ScrollController.shproj", "{CA7086D5-2713-4322-B2F5-C5F69BB1D4B4}"
EndProject
Project("{FAE04EC0-301F-11D3-BF4B-00C04F79EFBC}") = "SmoothScroll", "SmoothScroll\SmoothScroll.csproj", "{F091221E-FD10-41A7-AAC4-C935DEADBEEF}"
EndProject
Global
	GlobalSection(SharedMSBuildProjectFiles) = preSolution
		scrollController\scrollController.projitems*{17561817-2b93-4938-80b0-c37c83737ea6}*SharedItemsImports = 4
		scrollController\scrollController.projitems*{ca7086d5-2713-4322-b2f5-c5f69bb1d4b4}*SharedItemsImports = 13
		scrollController\scrollController.projitems*{f091221e-fd10-41a7-aac4-c935deadbeef}*SharedItemsImports = 4
	EndGlobalSection
	GlobalSection(SolutionConfigurationPlatforms) = preSolution
		Debug|Any CPU = Debug|Any CPU
		Release|Any CPU = Release|Any CPU
		VS2017 Debug|Any CPU = VS2017 Debug|Any CPU
	EndGlobalSection
	GlobalSection(ProjectConfigurationPlatforms) = postSolution
		{6179FBCA-3F99-4AA8-9998-DFC53F476C5D}.Debug|Any CPU.ActiveCfg = Debug|Any CPU
		{6179FBCA-3F99-4AA8-9998-DFC53F476C5D}.Debug|Any CPU.Build.0 = Debug|Any CPU
		{6179FBCA-3F99-4AA8-9998-DFC53F476C5D}.Release|Any CPU.ActiveCfg = Release|Any CPU
		{6179FBCA-3F99-4AA8-9998-DFC53F476C5D}.Release|Any CPU.Build.0 = Release|Any CPU
		{6179FBCA-3F99-4AA8-9998-DFC53F476C5D}.VS2017 Debug|Any CPU.ActiveCfg = Debug|Any CPU
		{6179FBCA-3F99-4AA8-9998-DFC53F476C5D}.VS2017 Debug|Any CPU.Build.0 = Debug|Any CPU
		{17561817-2B93-4938-80B0-C37C83737EA6}.Debug|Any CPU.ActiveCfg = Debug|Any CPU
		{17561817-2B93-4938-80B0-C37C83737EA6}.Debug|Any CPU.Build.0 = Debug|Any CPU
		{17561817-2B93-4938-80B0-C37C83737EA6}.Release|Any CPU.ActiveCfg = Release|Any CPU
		{17561817-2B93-4938-80B0-C37C83737EA6}.Release|Any CPU.Build.0 = Release|Any CPU
		{17561817-2B93-4938-80B0-C37C83737EA6}.VS2017 Debug|Any CPU.ActiveCfg = Debug|Any CPU
		{17561817-2B93-4938-80B0-C37C83737EA6}.VS2017 Debug|Any CPU.Build.0 = Debug|Any CPU
		{F091221E-FD10-41A7-AAC4-C935DEADBEEF}.Debug|Any CPU.ActiveCfg = Debug|Any CPU
		{F091221E-FD10-41A7-AAC4-C935DEADBEEF}.Debug|Any CPU.Build.0 = Debug|Any CPU
		{F091221E-FD10-41A7-AAC4-C935DEADBEEF}.Release|Any CPU.ActiveCfg = Release|Any CPU
		{F091221E-FD10-41A7-AAC4-C935DEADBEEF}.Release|Any CPU.Build.0 = Release|Any CPU
		{F091221E-FD10-41A7-AAC4-C935DEADBEEF}.VS2017 Debug|Any CPU.ActiveCfg = VS2017 Debug|Any CPU
		{F091221E-FD10-41A7-AAC4-C935DEADBEEF}.VS2017 Debug|Any CPU.Build.0 = VS2017 Debug|Any CPU
	EndGlobalSection
	GlobalSection(SolutionProperties) = preSolution
		HideSolutionNode = FALSE
	EndGlobalSection
	GlobalSection(ExtensibilityGlobals) = postSolution
		SolutionGuid = {A38B72FF-F090-4E89-9105-B73851A2992E}
	EndGlobalSection
	GlobalSection(Performance) = preSolution
		HasPerformanceSessions = true
	EndGlobalSection
	GlobalSection(Performance) = preSolution
		HasPerformanceSessions = true
	EndGlobalSection
	GlobalSection(Performance) = preSolution
		HasPerformanceSessions = true
	EndGlobalSection
	GlobalSection(CodealikeProperties) = postSolution
		SolutionGuid = 9666b81a-7efc-4c41-86a2-92821e3b443a
	EndGlobalSection
EndGlobal
